
Microsoft Visual Studio Solution File, Format Version 12.00
# Visual Studio 15
VisualStudioVersion = 15.0.27703.2047
MinimumVisualStudioVersion = 10.0.40219.1
Project("{FAE04EC0-301F-11D3-BF4B-00C04F79EFBC}") = "training.automation.common", "training.automation.common\training.automation.common.csproj", "{E01AFCF7-5D39-40C9-9B65-0139992E0C56}"
EndProject
Project("{FAE04EC0-301F-11D3-BF4B-00C04F79EFBC}") = "training.automation.selenium", "training.automation.selenium\training.automation.selenium.csproj", "{B715A3C0-855E-4E01-85B3-487B4175EAA2}"
EndProject
Project("{FAE04EC0-301F-11D3-BF4B-00C04F79EFBC}") = "training.automation.winium", "training.automation.winium\training.automation.winium.csproj", "{A3BE4AB1-BC1B-42CA-AE97-813AA6336E1A}"
EndProject
Project("{FAE04EC0-301F-11D3-BF4B-00C04F79EFBC}") = "training.automation.appium", "training.automation.appium\training.automation.appium.csproj", "{2CF1958C-51CC-48E6-BD25-109FD0A91175}"
	ProjectSection(ProjectDependencies) = postProject
		{E01AFCF7-5D39-40C9-9B65-0139992E0C56} = {E01AFCF7-5D39-40C9-9B65-0139992E0C56}
	EndProjectSection
EndProject
Global
	GlobalSection(SolutionConfigurationPlatforms) = preSolution
		Debug|Any CPU = Debug|Any CPU
		Release|Any CPU = Release|Any CPU
	EndGlobalSection
	GlobalSection(ProjectConfigurationPlatforms) = postSolution
		{E01AFCF7-5D39-40C9-9B65-0139992E0C56}.Debug|Any CPU.ActiveCfg = Debug|Any CPU
		{E01AFCF7-5D39-40C9-9B65-0139992E0C56}.Debug|Any CPU.Build.0 = Debug|Any CPU
		{E01AFCF7-5D39-40C9-9B65-0139992E0C56}.Release|Any CPU.ActiveCfg = Release|Any CPU
		{E01AFCF7-5D39-40C9-9B65-0139992E0C56}.Release|Any CPU.Build.0 = Release|Any CPU
		{B715A3C0-855E-4E01-85B3-487B4175EAA2}.Debug|Any CPU.ActiveCfg = Debug|Any CPU
		{B715A3C0-855E-4E01-85B3-487B4175EAA2}.Debug|Any CPU.Build.0 = Debug|Any CPU
		{B715A3C0-855E-4E01-85B3-487B4175EAA2}.Release|Any CPU.ActiveCfg = Release|Any CPU
		{B715A3C0-855E-4E01-85B3-487B4175EAA2}.Release|Any CPU.Build.0 = Release|Any CPU
		{A3BE4AB1-BC1B-42CA-AE97-813AA6336E1A}.Debug|Any CPU.ActiveCfg = Debug|Any CPU
		{A3BE4AB1-BC1B-42CA-AE97-813AA6336E1A}.Debug|Any CPU.Build.0 = Debug|Any CPU
		{A3BE4AB1-BC1B-42CA-AE97-813AA6336E1A}.Release|Any CPU.ActiveCfg = Release|Any CPU
		{A3BE4AB1-BC1B-42CA-AE97-813AA6336E1A}.Release|Any CPU.Build.0 = Release|Any CPU
		{2CF1958C-51CC-48E6-BD25-109FD0A91175}.Debug|Any CPU.ActiveCfg = Debug|Any CPU
		{2CF1958C-51CC-48E6-BD25-109FD0A91175}.Debug|Any CPU.Build.0 = Debug|Any CPU
		{2CF1958C-51CC-48E6-BD25-109FD0A91175}.Release|Any CPU.ActiveCfg = Release|Any CPU
		{2CF1958C-51CC-48E6-BD25-109FD0A91175}.Release|Any CPU.Build.0 = Release|Any CPU
	EndGlobalSection
	GlobalSection(SolutionProperties) = preSolution
		HideSolutionNode = FALSE
	EndGlobalSection
	GlobalSection(ExtensibilityGlobals) = postSolution
		SolutionGuid = {1F4BBC46-0863-4722-8C8A-CFA6FBA4C291}
	EndGlobalSection
EndGlobal
